<Solution>
  <Folder Name="/Application/">
    <Project Path="Fitnes-Tracker-Application/Fintes-Tracker-Application.csproj" />
    <Project Path="Fitnes-Tracker-Domain/Fintes-Tracker-Domain.csproj" />
    <Project Path="Fitnes-Tracker-Infrastructure/Fintes-Tracker-Infrastructure.csproj" />
    <Project Path="Fitnes-Tracker/Fintes-Tracker.csproj" />
  </Folder>
  <Folder Name="/Tests/">
    <Project Path="Fitnes-Tracker-Tests/Fitnes-Tracker-Tests.csproj" />
  </Folder>
</Solution>
