<Solution>
  <Folder Name="/Analytics/" Id="40c1352a-daaa-2742-3ef6-f93edb0619da" />
  <Folder Name="/Analytics/Solution Items/">
    <Project Path="Fintess-Tracker-Analytics/Fintess-Tracker-Analytics.csproj" Id="e0de3fde-c57e-467f-a784-98219bfada4a" />
  </Folder>
  <Folder Name="/Application/">
    <Project Path="Fitness-Tracker-Application/Fitness-Tracker-Application.csproj" />
    <Project Path="Fitness-Tracker-Domain/Fitness-Tracker-Domain.csproj" />
    <Project Path="Fitness-Tracker-Infrastructure/Fitness-Tracker-Infrastructure.csproj" />
    <Project Path="Fitness-Tracker/Fitness-Tracker.csproj" />
  </Folder>
  <Folder Name="/Tests/">
    <Project Path="Fitness-Tracker-Tests/Fitness-Tracker-Tests.csproj" />
  </Folder>
  <Project Path="Fitness-Tracker-Contracts/Fitness-Tracker-Contracts.csproj" Id="b229078a-9025-49b1-bef1-b8bbe78e282c" />
</Solution>
